# This file is autogenerated, do not edit; changes may be undone by the next 'dep ensure'.


[[projects]]
  name = "github.com/awnumar/memguard"
  packages = [
    ".",
    "memcall"
  ]
  revision = "5d9ab46bcb4348e890acb2f125dd649140d14c92"
  version = "v0.13.3"

[[projects]]
  name = "github.com/brsmsn/gware"
  packages = [
    "pkg/diceutil",
    "pkg/diceware"
  ]
  revision = "e34f6a569337e5a480953562dfaf4e2e38d71960"
  version = "1.2.0"

[[projects]]
  branch = "master"
  name = "golang.org/x/crypto"
  packages = [
    "argon2",
    "blake2b",
    "ssh/terminal"
  ]
  revision = "88942b9c40a4c9d203b82b3731787b672d6e809b"

[[projects]]
  branch = "master"
  name = "golang.org/x/sys"
  packages = [
    "unix",
    "windows"
  ]
  revision = "13d03a9a82fba647c21a0ef8fba44a795d0f0835"

[solve-meta]
  analyzer-name = "dep"
  analyzer-version = 1
  inputs-digest = "fb0beed5a884c5aa37883e86ea363e6fab5a735e337ad234e0d205122c7a9093"
  solver-name = "gps-cdcl"
  solver-version = 1
